
Microsoft Visual Studio Solution File, Format Version 12.00
# Visual Studio 15
VisualStudioVersion = 15.0.26430.15
MinimumVisualStudioVersion = 10.0.40219.1
Project("{FAE04EC0-301F-11D3-BF4B-00C04F79EFBC}") = "1. Sino The Walker", "1. Sino The Walker\1. Sino The Walker.csproj", "{43D0D5C9-8C47-4919-9F64-538644945805}"
EndProject
Project("{FAE04EC0-301F-11D3-BF4B-00C04F79EFBC}") = "2. SoftUni Karaoke", "2. SoftUni Karaoke\2. SoftUni Karaoke.csproj", "{098C216D-722C-4037-8FC2-1E1EFEDE4F4C}"
EndProject
Project("{FAE04EC0-301F-11D3-BF4B-00C04F79EFBC}") = "3. Endurance Rally", "3. Endurance Rally\3. Endurance Rally.csproj", "{986EC170-DC96-48F5-9E88-48D196B49A65}"
EndProject
Project("{FAE04EC0-301F-11D3-BF4B-00C04F79EFBC}") = "4. Winning Ticket", "4. Winning Ticket\4. Winning Ticket.csproj", "{A0FA64C6-399D-4EC4-8432-2E5F2A78B1BA}"
EndProject
Global
	GlobalSection(SolutionConfigurationPlatforms) = preSolution
		Debug|Any CPU = Debug|Any CPU
		Release|Any CPU = Release|Any CPU
	EndGlobalSection
	GlobalSection(ProjectConfigurationPlatforms) = postSolution
		{43D0D5C9-8C47-4919-9F64-538644945805}.Debug|Any CPU.ActiveCfg = Debug|Any CPU
		{43D0D5C9-8C47-4919-9F64-538644945805}.Debug|Any CPU.Build.0 = Debug|Any CPU
		{43D0D5C9-8C47-4919-9F64-538644945805}.Release|Any CPU.ActiveCfg = Release|Any CPU
		{43D0D5C9-8C47-4919-9F64-538644945805}.Release|Any CPU.Build.0 = Release|Any CPU
		{098C216D-722C-4037-8FC2-1E1EFEDE4F4C}.Debug|Any CPU.ActiveCfg = Debug|Any CPU
		{098C216D-722C-4037-8FC2-1E1EFEDE4F4C}.Debug|Any CPU.Build.0 = Debug|Any CPU
		{098C216D-722C-4037-8FC2-1E1EFEDE4F4C}.Release|Any CPU.ActiveCfg = Release|Any CPU
		{098C216D-722C-4037-8FC2-1E1EFEDE4F4C}.Release|Any CPU.Build.0 = Release|Any CPU
		{986EC170-DC96-48F5-9E88-48D196B49A65}.Debug|Any CPU.ActiveCfg = Debug|Any CPU
		{986EC170-DC96-48F5-9E88-48D196B49A65}.Debug|Any CPU.Build.0 = Debug|Any CPU
		{986EC170-DC96-48F5-9E88-48D196B49A65}.Release|Any CPU.ActiveCfg = Release|Any CPU
		{986EC170-DC96-48F5-9E88-48D196B49A65}.Release|Any CPU.Build.0 = Release|Any CPU
		{A0FA64C6-399D-4EC4-8432-2E5F2A78B1BA}.Debug|Any CPU.ActiveCfg = Debug|Any CPU
		{A0FA64C6-399D-4EC4-8432-2E5F2A78B1BA}.Debug|Any CPU.Build.0 = Debug|Any CPU
		{A0FA64C6-399D-4EC4-8432-2E5F2A78B1BA}.Release|Any CPU.ActiveCfg = Release|Any CPU
		{A0FA64C6-399D-4EC4-8432-2E5F2A78B1BA}.Release|Any CPU.Build.0 = Release|Any CPU
	EndGlobalSection
	GlobalSection(SolutionProperties) = preSolution
		HideSolutionNode = FALSE
	EndGlobalSection
EndGlobal
