
Microsoft Visual Studio Solution File, Format Version 12.00
# Visual Studio 15
VisualStudioVersion = 15.0.26430.15
MinimumVisualStudioVersion = 10.0.40219.1
Project("{FAE04EC0-301F-11D3-BF4B-00C04F79EFBC}") = "Дневна печалба", "Дневна печалба\Дневна печалба.csproj", "{1BBCB7FD-3BA8-45C0-8219-E4B4365D799B}"
EndProject
Project("{FAE04EC0-301F-11D3-BF4B-00C04F79EFBC}") = "Фирма", "Фирма\Фирма.csproj", "{67D00143-E7F6-4B29-955B-B510C9B01949}"
EndProject
Project("{FAE04EC0-301F-11D3-BF4B-00C04F79EFBC}") = "Хотелска стая", "Хотелска стая\Хотелска стая.csproj", "{58339999-CF6D-428E-A345-C7405EC4A6D5}"
EndProject
Project("{FAE04EC0-301F-11D3-BF4B-00C04F79EFBC}") = "Болница", "Болница\Болница.csproj", "{F2C26C3E-96B9-41F8-886D-8FC4AC8FF45C}"
EndProject
Project("{FAE04EC0-301F-11D3-BF4B-00C04F79EFBC}") = "Брадва", "Брадва\Брадва.csproj", "{63C08AB5-732E-43E6-9054-B82FF7E86BA4}"
EndProject
Project("{FAE04EC0-301F-11D3-BF4B-00C04F79EFBC}") = "Цифри", "Цифри\Цифри.csproj", "{81C78D1A-07D4-4B4A-BD8E-7D38551A9EE3}"
EndProject
Global
	GlobalSection(SolutionConfigurationPlatforms) = preSolution
		Debug|Any CPU = Debug|Any CPU
		Release|Any CPU = Release|Any CPU
	EndGlobalSection
	GlobalSection(ProjectConfigurationPlatforms) = postSolution
		{1BBCB7FD-3BA8-45C0-8219-E4B4365D799B}.Debug|Any CPU.ActiveCfg = Debug|Any CPU
		{1BBCB7FD-3BA8-45C0-8219-E4B4365D799B}.Debug|Any CPU.Build.0 = Debug|Any CPU
		{1BBCB7FD-3BA8-45C0-8219-E4B4365D799B}.Release|Any CPU.ActiveCfg = Release|Any CPU
		{1BBCB7FD-3BA8-45C0-8219-E4B4365D799B}.Release|Any CPU.Build.0 = Release|Any CPU
		{67D00143-E7F6-4B29-955B-B510C9B01949}.Debug|Any CPU.ActiveCfg = Debug|Any CPU
		{67D00143-E7F6-4B29-955B-B510C9B01949}.Debug|Any CPU.Build.0 = Debug|Any CPU
		{67D00143-E7F6-4B29-955B-B510C9B01949}.Release|Any CPU.ActiveCfg = Release|Any CPU
		{67D00143-E7F6-4B29-955B-B510C9B01949}.Release|Any CPU.Build.0 = Release|Any CPU
		{58339999-CF6D-428E-A345-C7405EC4A6D5}.Debug|Any CPU.ActiveCfg = Debug|Any CPU
		{58339999-CF6D-428E-A345-C7405EC4A6D5}.Debug|Any CPU.Build.0 = Debug|Any CPU
		{58339999-CF6D-428E-A345-C7405EC4A6D5}.Release|Any CPU.ActiveCfg = Release|Any CPU
		{58339999-CF6D-428E-A345-C7405EC4A6D5}.Release|Any CPU.Build.0 = Release|Any CPU
		{F2C26C3E-96B9-41F8-886D-8FC4AC8FF45C}.Debug|Any CPU.ActiveCfg = Debug|Any CPU
		{F2C26C3E-96B9-41F8-886D-8FC4AC8FF45C}.Debug|Any CPU.Build.0 = Debug|Any CPU
		{F2C26C3E-96B9-41F8-886D-8FC4AC8FF45C}.Release|Any CPU.ActiveCfg = Release|Any CPU
		{F2C26C3E-96B9-41F8-886D-8FC4AC8FF45C}.Release|Any CPU.Build.0 = Release|Any CPU
		{63C08AB5-732E-43E6-9054-B82FF7E86BA4}.Debug|Any CPU.ActiveCfg = Debug|Any CPU
		{63C08AB5-732E-43E6-9054-B82FF7E86BA4}.Debug|Any CPU.Build.0 = Debug|Any CPU
		{63C08AB5-732E-43E6-9054-B82FF7E86BA4}.Release|Any CPU.ActiveCfg = Release|Any CPU
		{63C08AB5-732E-43E6-9054-B82FF7E86BA4}.Release|Any CPU.Build.0 = Release|Any CPU
		{81C78D1A-07D4-4B4A-BD8E-7D38551A9EE3}.Debug|Any CPU.ActiveCfg = Debug|Any CPU
		{81C78D1A-07D4-4B4A-BD8E-7D38551A9EE3}.Debug|Any CPU.Build.0 = Debug|Any CPU
		{81C78D1A-07D4-4B4A-BD8E-7D38551A9EE3}.Release|Any CPU.ActiveCfg = Release|Any CPU
		{81C78D1A-07D4-4B4A-BD8E-7D38551A9EE3}.Release|Any CPU.Build.0 = Release|Any CPU
	EndGlobalSection
	GlobalSection(SolutionProperties) = preSolution
		HideSolutionNode = FALSE
	EndGlobalSection
EndGlobal
