
Microsoft Visual Studio Solution File, Format Version 12.00
# Visual Studio 15
VisualStudioVersion = 15.0.26430.15
MinimumVisualStudioVersion = 10.0.40219.1
Project("{FAE04EC0-301F-11D3-BF4B-00C04F79EFBC}") = "1. Debit Card Number", "1. Debit Card Number\1. Debit Card Number.csproj", "{CF481496-785E-43EF-967A-6E515D83BE1D}"
EndProject
Project("{FAE04EC0-301F-11D3-BF4B-00C04F79EFBC}") = "2. Rectangle Area", "2. Rectangle Area\2. Rectangle Area.csproj", "{673AD16B-1911-4C5B-8C87-7E0895D61205}"
EndProject
Project("{FAE04EC0-301F-11D3-BF4B-00C04F79EFBC}") = "3. Miles to Kilometers", "3. Miles to Kilometers\3. Miles to Kilometers.csproj", "{5E81ABFB-2F84-4721-9D9C-1D75B9A0918E}"
EndProject
Project("{FAE04EC0-301F-11D3-BF4B-00C04F79EFBC}") = "4. Beverage Labels", "4. Beverage Labels\4. Beverage Labels.csproj", "{954706B5-56F5-4F42-8BB1-B48BBF0851BF}"
EndProject
Project("{FAE04EC0-301F-11D3-BF4B-00C04F79EFBC}") = "5. Character Stats", "5. Character Stats\5. Character Stats.csproj", "{D4C6526E-46C8-4B07-A750-39409F81D8F4}"
EndProject
Global
	GlobalSection(SolutionConfigurationPlatforms) = preSolution
		Debug|Any CPU = Debug|Any CPU
		Release|Any CPU = Release|Any CPU
	EndGlobalSection
	GlobalSection(ProjectConfigurationPlatforms) = postSolution
		{CF481496-785E-43EF-967A-6E515D83BE1D}.Debug|Any CPU.ActiveCfg = Debug|Any CPU
		{CF481496-785E-43EF-967A-6E515D83BE1D}.Debug|Any CPU.Build.0 = Debug|Any CPU
		{CF481496-785E-43EF-967A-6E515D83BE1D}.Release|Any CPU.ActiveCfg = Release|Any CPU
		{CF481496-785E-43EF-967A-6E515D83BE1D}.Release|Any CPU.Build.0 = Release|Any CPU
		{673AD16B-1911-4C5B-8C87-7E0895D61205}.Debug|Any CPU.ActiveCfg = Debug|Any CPU
		{673AD16B-1911-4C5B-8C87-7E0895D61205}.Debug|Any CPU.Build.0 = Debug|Any CPU
		{673AD16B-1911-4C5B-8C87-7E0895D61205}.Release|Any CPU.ActiveCfg = Release|Any CPU
		{673AD16B-1911-4C5B-8C87-7E0895D61205}.Release|Any CPU.Build.0 = Release|Any CPU
		{5E81ABFB-2F84-4721-9D9C-1D75B9A0918E}.Debug|Any CPU.ActiveCfg = Debug|Any CPU
		{5E81ABFB-2F84-4721-9D9C-1D75B9A0918E}.Debug|Any CPU.Build.0 = Debug|Any CPU
		{5E81ABFB-2F84-4721-9D9C-1D75B9A0918E}.Release|Any CPU.ActiveCfg = Release|Any CPU
		{5E81ABFB-2F84-4721-9D9C-1D75B9A0918E}.Release|Any CPU.Build.0 = Release|Any CPU
		{954706B5-56F5-4F42-8BB1-B48BBF0851BF}.Debug|Any CPU.ActiveCfg = Debug|Any CPU
		{954706B5-56F5-4F42-8BB1-B48BBF0851BF}.Debug|Any CPU.Build.0 = Debug|Any CPU
		{954706B5-56F5-4F42-8BB1-B48BBF0851BF}.Release|Any CPU.ActiveCfg = Release|Any CPU
		{954706B5-56F5-4F42-8BB1-B48BBF0851BF}.Release|Any CPU.Build.0 = Release|Any CPU
		{D4C6526E-46C8-4B07-A750-39409F81D8F4}.Debug|Any CPU.ActiveCfg = Debug|Any CPU
		{D4C6526E-46C8-4B07-A750-39409F81D8F4}.Debug|Any CPU.Build.0 = Debug|Any CPU
		{D4C6526E-46C8-4B07-A750-39409F81D8F4}.Release|Any CPU.ActiveCfg = Release|Any CPU
		{D4C6526E-46C8-4B07-A750-39409F81D8F4}.Release|Any CPU.Build.0 = Release|Any CPU
	EndGlobalSection
	GlobalSection(SolutionProperties) = preSolution
		HideSolutionNode = FALSE
	EndGlobalSection
EndGlobal
