
Microsoft Visual Studio Solution File, Format Version 12.00
# Visual Studio 15
VisualStudioVersion = 15.0.26430.15
MinimumVisualStudioVersion = 10.0.40219.1
Project("{FAE04EC0-301F-11D3-BF4B-00C04F79EFBC}") = "Training Lab", "Training Lab\Training Lab.csproj", "{FB288D9F-D634-4046-B3BB-7832293550F2}"
EndProject
Project("{FAE04EC0-301F-11D3-BF4B-00C04F79EFBC}") = "Transport Price", "Transport Price\Transport Price.csproj", "{F8F36E6A-3945-4D3C-8BF9-95EB8BA84634}"
EndProject
Project("{FAE04EC0-301F-11D3-BF4B-00C04F79EFBC}") = "On Time for the Exam", "On Time for the Exam\On Time for the Exam.csproj", "{48D602F8-A6A9-4797-9B29-F9ACFB05780E}"
EndProject
Project("{FAE04EC0-301F-11D3-BF4B-00C04F79EFBC}") = "Histogram", "Histogram\Histogram.csproj", "{F55F07B6-51AD-47EE-A620-9D6A2A5360D7}"
EndProject
Project("{FAE04EC0-301F-11D3-BF4B-00C04F79EFBC}") = "Draw Fort", "Draw Fort\Draw Fort.csproj", "{EF682B09-779F-42B7-A8B7-0AB15AE8AC9B}"
EndProject
Project("{FAE04EC0-301F-11D3-BF4B-00C04F79EFBC}") = "Stupid Password Generator", "Stupid Password Generator\Stupid Password Generator.csproj", "{6CE207F6-5A54-451F-A751-25667A0035C6}"
EndProject
Global
	GlobalSection(SolutionConfigurationPlatforms) = preSolution
		Debug|Any CPU = Debug|Any CPU
		Release|Any CPU = Release|Any CPU
	EndGlobalSection
	GlobalSection(ProjectConfigurationPlatforms) = postSolution
		{FB288D9F-D634-4046-B3BB-7832293550F2}.Debug|Any CPU.ActiveCfg = Debug|Any CPU
		{FB288D9F-D634-4046-B3BB-7832293550F2}.Debug|Any CPU.Build.0 = Debug|Any CPU
		{FB288D9F-D634-4046-B3BB-7832293550F2}.Release|Any CPU.ActiveCfg = Release|Any CPU
		{FB288D9F-D634-4046-B3BB-7832293550F2}.Release|Any CPU.Build.0 = Release|Any CPU
		{F8F36E6A-3945-4D3C-8BF9-95EB8BA84634}.Debug|Any CPU.ActiveCfg = Debug|Any CPU
		{F8F36E6A-3945-4D3C-8BF9-95EB8BA84634}.Debug|Any CPU.Build.0 = Debug|Any CPU
		{F8F36E6A-3945-4D3C-8BF9-95EB8BA84634}.Release|Any CPU.ActiveCfg = Release|Any CPU
		{F8F36E6A-3945-4D3C-8BF9-95EB8BA84634}.Release|Any CPU.Build.0 = Release|Any CPU
		{48D602F8-A6A9-4797-9B29-F9ACFB05780E}.Debug|Any CPU.ActiveCfg = Debug|Any CPU
		{48D602F8-A6A9-4797-9B29-F9ACFB05780E}.Debug|Any CPU.Build.0 = Debug|Any CPU
		{48D602F8-A6A9-4797-9B29-F9ACFB05780E}.Release|Any CPU.ActiveCfg = Release|Any CPU
		{48D602F8-A6A9-4797-9B29-F9ACFB05780E}.Release|Any CPU.Build.0 = Release|Any CPU
		{F55F07B6-51AD-47EE-A620-9D6A2A5360D7}.Debug|Any CPU.ActiveCfg = Debug|Any CPU
		{F55F07B6-51AD-47EE-A620-9D6A2A5360D7}.Debug|Any CPU.Build.0 = Debug|Any CPU
		{F55F07B6-51AD-47EE-A620-9D6A2A5360D7}.Release|Any CPU.ActiveCfg = Release|Any CPU
		{F55F07B6-51AD-47EE-A620-9D6A2A5360D7}.Release|Any CPU.Build.0 = Release|Any CPU
		{EF682B09-779F-42B7-A8B7-0AB15AE8AC9B}.Debug|Any CPU.ActiveCfg = Debug|Any CPU
		{EF682B09-779F-42B7-A8B7-0AB15AE8AC9B}.Debug|Any CPU.Build.0 = Debug|Any CPU
		{EF682B09-779F-42B7-A8B7-0AB15AE8AC9B}.Release|Any CPU.ActiveCfg = Release|Any CPU
		{EF682B09-779F-42B7-A8B7-0AB15AE8AC9B}.Release|Any CPU.Build.0 = Release|Any CPU
		{6CE207F6-5A54-451F-A751-25667A0035C6}.Debug|Any CPU.ActiveCfg = Debug|Any CPU
		{6CE207F6-5A54-451F-A751-25667A0035C6}.Debug|Any CPU.Build.0 = Debug|Any CPU
		{6CE207F6-5A54-451F-A751-25667A0035C6}.Release|Any CPU.ActiveCfg = Release|Any CPU
		{6CE207F6-5A54-451F-A751-25667A0035C6}.Release|Any CPU.Build.0 = Release|Any CPU
	EndGlobalSection
	GlobalSection(SolutionProperties) = preSolution
		HideSolutionNode = FALSE
	EndGlobalSection
EndGlobal
