
Microsoft Visual Studio Solution File, Format Version 12.00
# Visual Studio 15
VisualStudioVersion = 15.0.26430.15
MinimumVisualStudioVersion = 10.0.40219.1
Project("{FAE04EC0-301F-11D3-BF4B-00C04F79EFBC}") = "Tailoring Workshop", "Tailoring Workshop\Tailoring Workshop.csproj", "{4215BE66-BAEB-4B53-9934-8259A5039C6A}"
EndProject
Project("{FAE04EC0-301F-11D3-BF4B-00C04F79EFBC}") = "Scholarship", "Scholarship\Scholarship.csproj", "{3EA0E9ED-C76F-4A7A-8FDB-FC4C03F6DFE6}"
EndProject
Project("{FAE04EC0-301F-11D3-BF4B-00C04F79EFBC}") = "Photo Pictures", "Photo Pictures\Photo Pictures.csproj", "{727DF83D-BA4F-46EC-9888-8E54E26E0578}"
EndProject
Project("{FAE04EC0-301F-11D3-BF4B-00C04F79EFBC}") = "Cake", "Cake\Cake.csproj", "{99C144AE-B346-4724-85A3-886E004809B1}"
EndProject
Project("{FAE04EC0-301F-11D3-BF4B-00C04F79EFBC}") = "Snowflake", "Snowflake\Snowflake.csproj", "{E4DF82DC-49DD-479B-9556-705A476132D5}"
EndProject
Project("{FAE04EC0-301F-11D3-BF4B-00C04F79EFBC}") = "Profit", "Profit\Profit.csproj", "{B9CAC85B-1BBD-44E1-B8AF-2959AE73E2BF}"
EndProject
Global
	GlobalSection(SolutionConfigurationPlatforms) = preSolution
		Debug|Any CPU = Debug|Any CPU
		Release|Any CPU = Release|Any CPU
	EndGlobalSection
	GlobalSection(ProjectConfigurationPlatforms) = postSolution
		{4215BE66-BAEB-4B53-9934-8259A5039C6A}.Debug|Any CPU.ActiveCfg = Debug|Any CPU
		{4215BE66-BAEB-4B53-9934-8259A5039C6A}.Debug|Any CPU.Build.0 = Debug|Any CPU
		{4215BE66-BAEB-4B53-9934-8259A5039C6A}.Release|Any CPU.ActiveCfg = Release|Any CPU
		{4215BE66-BAEB-4B53-9934-8259A5039C6A}.Release|Any CPU.Build.0 = Release|Any CPU
		{3EA0E9ED-C76F-4A7A-8FDB-FC4C03F6DFE6}.Debug|Any CPU.ActiveCfg = Debug|Any CPU
		{3EA0E9ED-C76F-4A7A-8FDB-FC4C03F6DFE6}.Debug|Any CPU.Build.0 = Debug|Any CPU
		{3EA0E9ED-C76F-4A7A-8FDB-FC4C03F6DFE6}.Release|Any CPU.ActiveCfg = Release|Any CPU
		{3EA0E9ED-C76F-4A7A-8FDB-FC4C03F6DFE6}.Release|Any CPU.Build.0 = Release|Any CPU
		{727DF83D-BA4F-46EC-9888-8E54E26E0578}.Debug|Any CPU.ActiveCfg = Debug|Any CPU
		{727DF83D-BA4F-46EC-9888-8E54E26E0578}.Debug|Any CPU.Build.0 = Debug|Any CPU
		{727DF83D-BA4F-46EC-9888-8E54E26E0578}.Release|Any CPU.ActiveCfg = Release|Any CPU
		{727DF83D-BA4F-46EC-9888-8E54E26E0578}.Release|Any CPU.Build.0 = Release|Any CPU
		{99C144AE-B346-4724-85A3-886E004809B1}.Debug|Any CPU.ActiveCfg = Debug|Any CPU
		{99C144AE-B346-4724-85A3-886E004809B1}.Debug|Any CPU.Build.0 = Debug|Any CPU
		{99C144AE-B346-4724-85A3-886E004809B1}.Release|Any CPU.ActiveCfg = Release|Any CPU
		{99C144AE-B346-4724-85A3-886E004809B1}.Release|Any CPU.Build.0 = Release|Any CPU
		{E4DF82DC-49DD-479B-9556-705A476132D5}.Debug|Any CPU.ActiveCfg = Debug|Any CPU
		{E4DF82DC-49DD-479B-9556-705A476132D5}.Debug|Any CPU.Build.0 = Debug|Any CPU
		{E4DF82DC-49DD-479B-9556-705A476132D5}.Release|Any CPU.ActiveCfg = Release|Any CPU
		{E4DF82DC-49DD-479B-9556-705A476132D5}.Release|Any CPU.Build.0 = Release|Any CPU
		{B9CAC85B-1BBD-44E1-B8AF-2959AE73E2BF}.Debug|Any CPU.ActiveCfg = Debug|Any CPU
		{B9CAC85B-1BBD-44E1-B8AF-2959AE73E2BF}.Debug|Any CPU.Build.0 = Debug|Any CPU
		{B9CAC85B-1BBD-44E1-B8AF-2959AE73E2BF}.Release|Any CPU.ActiveCfg = Release|Any CPU
		{B9CAC85B-1BBD-44E1-B8AF-2959AE73E2BF}.Release|Any CPU.Build.0 = Release|Any CPU
	EndGlobalSection
	GlobalSection(SolutionProperties) = preSolution
		HideSolutionNode = FALSE
	EndGlobalSection
EndGlobal
